
Microsoft Visual Studio Solution File, Format Version 12.00
# Visual Studio Version 16
VisualStudioVersion = 16.0.30804.86
MinimumVisualStudioVersion = 10.0.40219.1
Project("{FAE04EC0-301F-11D3-BF4B-00C04F79EFBC}") = "Zohan.SchemaRegistry.Producer", "Zohan.SchemaRegistry.Producer\Zohan.SchemaRegistry.Producer.csproj", "{04527850-9427-4F30-AB44-2862BD5655D2}"
EndProject
Project("{FAE04EC0-301F-11D3-BF4B-00C04F79EFBC}") = "Zohan.SchemaRegistry.Consumer", "Zohan.SchemaRegistry.Consumer\Zohan.SchemaRegistry.Consumer.csproj", "{5E367A51-CDC2-4E7B-B235-D5793728AC7E}"
EndProject
Project("{9A19103F-16F7-4668-BE54-9A1E7A4F7556}") = "Microsoft.Azure.Kafka.SchemaRegistry.Avro", "Microsoft.Azure.Kafka.SchemaRegistry.Avro\Microsoft.Azure.Kafka.SchemaRegistry.Avro.csproj", "{A4F25248-31DC-443F-9897-F70F15D83BAE}"
EndProject
Global
	GlobalSection(SolutionConfigurationPlatforms) = preSolution
		Debug|Any CPU = Debug|Any CPU
		Release|Any CPU = Release|Any CPU
	EndGlobalSection
	GlobalSection(ProjectConfigurationPlatforms) = postSolution
		{04527850-9427-4F30-AB44-2862BD5655D2}.Debug|Any CPU.ActiveCfg = Debug|Any CPU
		{04527850-9427-4F30-AB44-2862BD5655D2}.Debug|Any CPU.Build.0 = Debug|Any CPU
		{04527850-9427-4F30-AB44-2862BD5655D2}.Release|Any CPU.ActiveCfg = Release|Any CPU
		{04527850-9427-4F30-AB44-2862BD5655D2}.Release|Any CPU.Build.0 = Release|Any CPU
		{5E367A51-CDC2-4E7B-B235-D5793728AC7E}.Debug|Any CPU.ActiveCfg = Debug|Any CPU
		{5E367A51-CDC2-4E7B-B235-D5793728AC7E}.Debug|Any CPU.Build.0 = Debug|Any CPU
		{5E367A51-CDC2-4E7B-B235-D5793728AC7E}.Release|Any CPU.ActiveCfg = Release|Any CPU
		{5E367A51-CDC2-4E7B-B235-D5793728AC7E}.Release|Any CPU.Build.0 = Release|Any CPU
		{A4F25248-31DC-443F-9897-F70F15D83BAE}.Debug|Any CPU.ActiveCfg = Debug|Any CPU
		{A4F25248-31DC-443F-9897-F70F15D83BAE}.Debug|Any CPU.Build.0 = Debug|Any CPU
		{A4F25248-31DC-443F-9897-F70F15D83BAE}.Release|Any CPU.ActiveCfg = Release|Any CPU
		{A4F25248-31DC-443F-9897-F70F15D83BAE}.Release|Any CPU.Build.0 = Release|Any CPU
	EndGlobalSection
	GlobalSection(SolutionProperties) = preSolution
		HideSolutionNode = FALSE
	EndGlobalSection
	GlobalSection(ExtensibilityGlobals) = postSolution
		SolutionGuid = {EA85DEBD-5D87-43B6-A7E6-8E2A7074D8D9}
	EndGlobalSection
EndGlobal
